
Microsoft Visual Studio Solution File, Format Version 12.00
# Visual Studio 15
VisualStudioVersion = 15.0.27004.2010
MinimumVisualStudioVersion = 10.0.40219.1
Project("{FAE04EC0-301F-11D3-BF4B-00C04F79EFBC}") = "Craps", "Craps\Craps.csproj", "{8975506A-3D85-47B2-9792-4AF5475F4079}"
EndProject
Global
	GlobalSection(SolutionConfigurationPlatforms) = preSolution
		Debug|Any CPU = Debug|Any CPU
		Release|Any CPU = Release|Any CPU
	EndGlobalSection
	GlobalSection(ProjectConfigurationPlatforms) = postSolution
		{8975506A-3D85-47B2-9792-4AF5475F4079}.Debug|Any CPU.ActiveCfg = Debug|Any CPU
		{8975506A-3D85-47B2-9792-4AF5475F4079}.Debug|Any CPU.Build.0 = Debug|Any CPU
		{8975506A-3D85-47B2-9792-4AF5475F4079}.Release|Any CPU.ActiveCfg = Release|Any CPU
		{8975506A-3D85-47B2-9792-4AF5475F4079}.Release|Any CPU.Build.0 = Release|Any CPU
	EndGlobalSection
	GlobalSection(SolutionProperties) = preSolution
		HideSolutionNode = FALSE
	EndGlobalSection
	GlobalSection(ExtensibilityGlobals) = postSolution
		SolutionGuid = {E4312B37-F675-4817-A93A-D38AB763E697}
	EndGlobalSection
EndGlobal
